// !$*UTF8*$!
{
	archiveVersion = 1;
	classes = {
	};
	objectVersion = 52;
	objects = {

/* Begin PBXBuildFile section */
		1D60589B0D05DD56006BFB54 /* runPython.m in Sources */ = {isa = PBXBuildFile; fileRef = 29B97316FDCFA39411CA2CEA /* runPython.m */; };
		2A334CFEA1B5A623FCFB45A9 /* libbz2.tbd in Frameworks */ = {isa = PBXBuildFile; fileRef = 0ABE4AF3B2C5E9025CF7A0F3 /* libbz2.tbd */; };
		4901B0D726E9226B000EE786 /* morphodict_mobile.m in Sources */ = {isa = PBXBuildFile; fileRef = 4901B0D626E9226B000EE786 /* morphodict_mobile.m */; };
		4901B0DC26EA9FBE000EE786 /* libpython3.a in Frameworks */ = {isa = PBXBuildFile; fileRef = 4901B0DB26EA9FBE000EE786 /* libpython3.a */; };
		4901B0DF26EA9FD4000EE786 /* libssl.a in Frameworks */ = {isa = PBXBuildFile; fileRef = 4901B0DD26EA9FD4000EE786 /* libssl.a */; };
		4901B0E026EA9FD4000EE786 /* libcrypto.a in Frameworks */ = {isa = PBXBuildFile; fileRef = 4901B0DE26EA9FD4000EE786 /* libcrypto.a */; };
		4901B0E226EA9FFD000EE786 /* libffi.a in Frameworks */ = {isa = PBXBuildFile; fileRef = 4901B0E126EA9FFD000EE786 /* libffi.a */; };
		4901E61C26EAA195000EE786 /* lib in Resources */ = {isa = PBXBuildFile; fileRef = 4901E61B26EAA195000EE786 /* lib */; };
		49163B0926E03AC100CC79FD /* Launch Screen.storyboard in Resources */ = {isa = PBXBuildFile; fileRef = 49163B0826E03AC100CC79FD /* Launch Screen.storyboard */; };
		49B5A7F726A9D2E500CC2B09 /* main.xib in Resources */ = {isa = PBXBuildFile; fileRef = 49B5A7F626A9D2E500CC2B09 /* main.xib */; };
		49B5A7FD26A9D71900CC2B09 /* ViewController.swift in Sources */ = {isa = PBXBuildFile; fileRef = 49B5A7FC26A9D71900CC2B09 /* ViewController.swift */; };
		49B5A7FF26A9DA0800CC2B09 /* AppDelegate.swift in Sources */ = {isa = PBXBuildFile; fileRef = 49B5A7FE26A9DA0800CC2B09 /* AppDelegate.swift */; };
		49B5A80126A9DEF500CC2B09 /* WebKit.framework in Frameworks */ = {isa = PBXBuildFile; fileRef = 49B5A80026A9DEF500CC2B09 /* WebKit.framework */; };
		49C4D80426F0F916000A1EC2 /* _hfst_optimized_lookup.cpp in Sources */ = {isa = PBXBuildFile; fileRef = 49C4D80126F0F916000A1EC2 /* _hfst_optimized_lookup.cpp */; };
		49C4D80526F0F916000A1EC2 /* hfst-optimized-lookup.cc in Sources */ = {isa = PBXBuildFile; fileRef = 49C4D80326F0F916000A1EC2 /* hfst-optimized-lookup.cc */; };
		49F43F0D26BEF4B30062D570 /* HTMLString in Frameworks */ = {isa = PBXBuildFile; productRef = 49F43F0C26BEF4B30062D570 /* HTMLString */; };
		49F8638B26A8A43400D35B6F /* app_python in Resources */ = {isa = PBXBuildFile; fileRef = 49F8638A26A8A43400D35B6F /* app_python */; };
		59738ABB1A8E19AA001B2C0C /* Images.xcassets in Resources */ = {isa = PBXBuildFile; fileRef = 59738ABA1A8E19AA001B2C0C /* Images.xcassets */; };
		5E0F41E026FB9E58007AF67C /* morphodict_mobile.m in Sources */ = {isa = PBXBuildFile; fileRef = 4901B0D626E9226B000EE786 /* morphodict_mobile.m */; };
		5E0F41E126FB9E64007AF67C /* runPython.m in Sources */ = {isa = PBXBuildFile; fileRef = 29B97316FDCFA39411CA2CEA /* runPython.m */; };
		5E0F41E226FB9E6A007AF67C /* AppDelegate.swift in Sources */ = {isa = PBXBuildFile; fileRef = 49B5A7FE26A9DA0800CC2B09 /* AppDelegate.swift */; };
		5E0F41E326FB9E6D007AF67C /* ViewController.swift in Sources */ = {isa = PBXBuildFile; fileRef = 49B5A7FC26A9D71900CC2B09 /* ViewController.swift */; };
		5E0F41E426FB9E78007AF67C /* _hfst_optimized_lookup.cpp in Sources */ = {isa = PBXBuildFile; fileRef = 49C4D80126F0F916000A1EC2 /* _hfst_optimized_lookup.cpp */; };
		5E0F41E526FB9E7B007AF67C /* hfst-optimized-lookup.cc in Sources */ = {isa = PBXBuildFile; fileRef = 49C4D80326F0F916000A1EC2 /* hfst-optimized-lookup.cc */; };
		5E0F41E626FB9FE8007AF67C /* lib in Resources */ = {isa = PBXBuildFile; fileRef = 4901E61B26EAA195000EE786 /* lib */; };
		5E0F41E726FB9FF4007AF67C /* libbz2.tbd in Frameworks */ = {isa = PBXBuildFile; fileRef = 0ABE4AF3B2C5E9025CF7A0F3 /* libbz2.tbd */; };
		5E0F41E826FB9FF8007AF67C /* libcrypto.a in Frameworks */ = {isa = PBXBuildFile; fileRef = 4901B0DE26EA9FD4000EE786 /* libcrypto.a */; };
		5E0F41E926FBA009007AF67C /* libffi.a in Frameworks */ = {isa = PBXBuildFile; fileRef = 4901B0E126EA9FFD000EE786 /* libffi.a */; };
		5E0F41EA26FBA00B007AF67C /* libpython3.a in Frameworks */ = {isa = PBXBuildFile; fileRef = 4901B0DB26EA9FBE000EE786 /* libpython3.a */; };
		5E0F41EB26FBA00E007AF67C /* libsqlite3.tbd in Frameworks */ = {isa = PBXBuildFile; fileRef = AE3B48D6AD6BFE961C5D8CCD /* libsqlite3.tbd */; };
		5E0F41EC26FBA012007AF67C /* libssl.a in Frameworks */ = {isa = PBXBuildFile; fileRef = 4901B0DD26EA9FD4000EE786 /* libssl.a */; };
		5E0F41ED26FBA015007AF67C /* libz.tbd in Frameworks */ = {isa = PBXBuildFile; fileRef = ACB245FD987A9A8E52E1D8AF /* libz.tbd */; };
		5E0F41EE26FBA018007AF67C /* WebKit.framework in Frameworks */ = {isa = PBXBuildFile; fileRef = 49B5A80026A9DEF500CC2B09 /* WebKit.framework */; };
		5E0F41F026FBA2F5007AF67C /* HTMLString in Frameworks */ = {isa = PBXBuildFile; productRef = 5E0F41EF26FBA2F5007AF67C /* HTMLString */; };
		5E0F41F126FBA40A007AF67C /* main.xib in Resources */ = {isa = PBXBuildFile; fileRef = 49B5A7F626A9D2E500CC2B09 /* main.xib */; };
		5E0F41F426FBA568007AF67C /* Launch Screen.storyboard in Resources */ = {isa = PBXBuildFile; fileRef = 5E0F41F326FBA568007AF67C /* Launch Screen.storyboard */; };
		5E0F41F526FBA60C007AF67C /* app_python in Resources */ = {isa = PBXBuildFile; fileRef = 49F8638A26A8A43400D35B6F /* app_python */; };
		5E9ED77926FB9CB100E2213D /* Assets.xcassets in Resources */ = {isa = PBXBuildFile; fileRef = 5E9ED77826FB9CB100E2213D /* Assets.xcassets */; };
		5ECBBB4827026CE100FFD2B9 /* settings.c in Sources */ = {isa = PBXBuildFile; fileRef = 5ECBBB4727026CE100FFD2B9 /* settings.c */; };
		5ECBBB4C2702764500FFD2B9 /* settings.c in Sources */ = {isa = PBXBuildFile; fileRef = 5ECBBB4B2702764400FFD2B9 /* settings.c */; };
		5ECBBB4E27027B2A00FFD2B9 /* db-mobile.sqlite3 in Resources */ = {isa = PBXBuildFile; fileRef = 5ECBBB4D27027B2A00FFD2B9 /* db-mobile.sqlite3 */; };
		5ECBBB5027027BF800FFD2B9 /* db-mobile.sqlite3 in Resources */ = {isa = PBXBuildFile; fileRef = 5ECBBB4F27027BF800FFD2B9 /* db-mobile.sqlite3 */; };
		8BED4A7E80700961BEA2E280 /* libz.tbd in Frameworks */ = {isa = PBXBuildFile; fileRef = ACB245FD987A9A8E52E1D8AF /* libz.tbd */; };
		F0434F31ADE5063B167A66A4 /* libsqlite3.tbd in Frameworks */ = {isa = PBXBuildFile; fileRef = AE3B48D6AD6BFE961C5D8CCD /* libsqlite3.tbd */; };
/* End PBXBuildFile section */

/* Begin PBXFileReference section */
		0ABE4AF3B2C5E9025CF7A0F3 /* libbz2.tbd */ = {isa = PBXFileReference; lastKnownFileType = "sourcecode.text-based-dylib-definition"; name = libbz2.tbd; path = /Applications/Xcode.app/Contents/Developer/Platforms/iPhoneSimulator.platform/Developer/SDKs/iPhoneSimulator14.5.sdk/usr/lib/libbz2.tbd; sourceTree = "<absolute>"; };
		1D6058910D05DD3D006BFB54 /* itwewina-offline.app */ = {isa = PBXFileReference; explicitFileType = wrapper.application; includeInIndex = 0; path = "itwewina-offline.app"; sourceTree = BUILT_PRODUCTS_DIR; };
		29B97316FDCFA39411CA2CEA /* runPython.m */ = {isa = PBXFileReference; fileEncoding = 4; lastKnownFileType = sourcecode.c.objc; path = runPython.m; sourceTree = "<group>"; };
		4901B0D526E92254000EE786 /* morphodict_mobile.h */ = {isa = PBXFileReference; lastKnownFileType = sourcecode.c.h; path = morphodict_mobile.h; sourceTree = "<group>"; };
		4901B0D626E9226B000EE786 /* morphodict_mobile.m */ = {isa = PBXFileReference; lastKnownFileType = sourcecode.c.objc; path = morphodict_mobile.m; sourceTree = "<group>"; };
		4901B0DB26EA9FBE000EE786 /* libpython3.a */ = {isa = PBXFileReference; lastKnownFileType = archive.ar; name = libpython3.a; path = "../kivy-ios/dist/lib/libpython3.a"; sourceTree = "<group>"; };
		4901B0DD26EA9FD4000EE786 /* libssl.a */ = {isa = PBXFileReference; lastKnownFileType = archive.ar; name = libssl.a; path = "../kivy-ios/dist/lib/libssl.a"; sourceTree = "<group>"; };
		4901B0DE26EA9FD4000EE786 /* libcrypto.a */ = {isa = PBXFileReference; lastKnownFileType = archive.ar; name = libcrypto.a; path = "../kivy-ios/dist/lib/libcrypto.a"; sourceTree = "<group>"; };
		4901B0E126EA9FFD000EE786 /* libffi.a */ = {isa = PBXFileReference; lastKnownFileType = archive.ar; name = libffi.a; path = "../kivy-ios/dist/lib/libffi.a"; sourceTree = "<group>"; };
		4901E61B26EAA195000EE786 /* lib */ = {isa = PBXFileReference; lastKnownFileType = folder; name = lib; path = "../kivy-ios/dist/root/python3/lib"; sourceTree = "<group>"; };
		49163B0826E03AC100CC79FD /* Launch Screen.storyboard */ = {isa = PBXFileReference; fileEncoding = 4; lastKnownFileType = file.storyboard; path = "Launch Screen.storyboard"; sourceTree = "<group>"; };
		49B5A7F626A9D2E500CC2B09 /* main.xib */ = {isa = PBXFileReference; lastKnownFileType = file.xib; path = main.xib; sourceTree = "<group>"; };
		49B5A7F826A9D63100CC2B09 /* morphodict-offline-Bridging-Header.h */ = {isa = PBXFileReference; lastKnownFileType = sourcecode.c.h; path = "morphodict-offline-Bridging-Header.h"; sourceTree = "<group>"; };
		49B5A7FC26A9D71900CC2B09 /* ViewController.swift */ = {isa = PBXFileReference; lastKnownFileType = sourcecode.swift; path = ViewController.swift; sourceTree = "<group>"; };
		49B5A7FE26A9DA0800CC2B09 /* AppDelegate.swift */ = {isa = PBXFileReference; lastKnownFileType = sourcecode.swift; path = AppDelegate.swift; sourceTree = "<group>"; };
		49B5A80026A9DEF500CC2B09 /* WebKit.framework */ = {isa = PBXFileReference; lastKnownFileType = wrapper.framework; name = WebKit.framework; path = Platforms/iPhoneOS.platform/Developer/SDKs/iPhoneOS14.5.sdk/System/Library/Frameworks/WebKit.framework; sourceTree = DEVELOPER_DIR; };
		49B5A80226A9EB3B00CC2B09 /* runPython.h */ = {isa = PBXFileReference; lastKnownFileType = sourcecode.c.h; path = runPython.h; sourceTree = "<group>"; };
		49C4D80126F0F916000A1EC2 /* _hfst_optimized_lookup.cpp */ = {isa = PBXFileReference; fileEncoding = 4; lastKnownFileType = sourcecode.cpp.cpp; name = _hfst_optimized_lookup.cpp; path = "../kivy-ios/dist/root/python3/lib/python3.9/site-packages/hfst_optimized_lookup/_hfst_optimized_lookup.cpp"; sourceTree = "<group>"; };
		49C4D80226F0F916000A1EC2 /* hfst-optimized-lookup.h */ = {isa = PBXFileReference; fileEncoding = 4; lastKnownFileType = sourcecode.c.h; name = "hfst-optimized-lookup.h"; path = "../kivy-ios/dist/root/python3/lib/python3.9/site-packages/hfst_optimized_lookup/hfst-optimized-lookup.h"; sourceTree = "<group>"; };
		49C4D80326F0F916000A1EC2 /* hfst-optimized-lookup.cc */ = {isa = PBXFileReference; fileEncoding = 4; lastKnownFileType = sourcecode.cpp.cpp; name = "hfst-optimized-lookup.cc"; path = "../kivy-ios/dist/root/python3/lib/python3.9/site-packages/hfst_optimized_lookup/hfst-optimized-lookup.cc"; sourceTree = "<group>"; };
		49C4D80626F10C41000A1EC2 /* _hfst_optimized_lookup.h */ = {isa = PBXFileReference; fileEncoding = 4; lastKnownFileType = sourcecode.c.h; name = _hfst_optimized_lookup.h; path = "../kivy-ios/dist/root/python3/lib/python3.9/site-packages/hfst_optimized_lookup/_hfst_optimized_lookup.h"; sourceTree = "<group>"; };
		49F8638A26A8A43400D35B6F /* app_python */ = {isa = PBXFileReference; lastKnownFileType = folder; path = app_python; sourceTree = "<group>"; };
		59738ABA1A8E19AA001B2C0C /* Images.xcassets */ = {isa = PBXFileReference; lastKnownFileType = folder.assetcatalog; path = Images.xcassets; sourceTree = "<group>"; };
		5E0F41F326FBA568007AF67C /* Launch Screen.storyboard */ = {isa = PBXFileReference; fileEncoding = 4; lastKnownFileType = file.storyboard; path = "Launch Screen.storyboard"; sourceTree = "<group>"; };
		5E9ED76D26FB9CB000E2213D /* gunaha-offline.app */ = {isa = PBXFileReference; explicitFileType = wrapper.application; includeInIndex = 0; path = "gunaha-offline.app"; sourceTree = BUILT_PRODUCTS_DIR; };
		5E9ED77826FB9CB100E2213D /* Assets.xcassets */ = {isa = PBXFileReference; lastKnownFileType = folder.assetcatalog; path = Assets.xcassets; sourceTree = "<group>"; };
		5E9ED77D26FB9CB100E2213D /* Info.plist */ = {isa = PBXFileReference; lastKnownFileType = text.plist.xml; path = Info.plist; sourceTree = "<group>"; };
		5ECBBB4627026C6B00FFD2B9 /* settings.h */ = {isa = PBXFileReference; lastKnownFileType = sourcecode.c.h; path = settings.h; sourceTree = "<group>"; };
		5ECBBB4727026CE100FFD2B9 /* settings.c */ = {isa = PBXFileReference; lastKnownFileType = sourcecode.c.c; path = settings.c; sourceTree = "<group>"; };
		5ECBBB4B2702764400FFD2B9 /* settings.c */ = {isa = PBXFileReference; lastKnownFileType = sourcecode.c.c; path = settings.c; sourceTree = "<group>"; };
		5ECBBB4D27027B2A00FFD2B9 /* db-mobile.sqlite3 */ = {isa = PBXFileReference; lastKnownFileType = file; path = "db-mobile.sqlite3"; sourceTree = "<group>"; };
		5ECBBB4F27027BF800FFD2B9 /* db-mobile.sqlite3 */ = {isa = PBXFileReference; lastKnownFileType = file; name = "db-mobile.sqlite3"; path = "../../../src/crkeng/db/db-mobile.sqlite3"; sourceTree = "<group>"; };
		8D1107310486CEB800E47090 /* itwewina-offline-Info.plist */ = {isa = PBXFileReference; fileEncoding = 4; lastKnownFileType = text.plist.xml; path = "itwewina-offline-Info.plist"; plistStructureDefinitionIdentifier = "com.apple.xcode.plist.structure-definition.iphone.info-plist"; sourceTree = "<group>"; };
		ACB245FD987A9A8E52E1D8AF /* libz.tbd */ = {isa = PBXFileReference; lastKnownFileType = "sourcecode.text-based-dylib-definition"; name = libz.tbd; path = /Applications/Xcode.app/Contents/Developer/Platforms/iPhoneSimulator.platform/Developer/SDKs/iPhoneSimulator14.5.sdk/usr/lib/libz.tbd; sourceTree = "<absolute>"; };
		AE3B48D6AD6BFE961C5D8CCD /* libsqlite3.tbd */ = {isa = PBXFileReference; lastKnownFileType = "sourcecode.text-based-dylib-definition"; name = libsqlite3.tbd; path = /Applications/Xcode.app/Contents/Developer/Platforms/iPhoneSimulator.platform/Developer/SDKs/iPhoneSimulator14.5.sdk/usr/lib/libsqlite3.tbd; sourceTree = "<absolute>"; };
/* End PBXFileReference section */

/* Begin PBXFrameworksBuildPhase section */
		1D60588F0D05DD3D006BFB54 /* Frameworks */ = {
			isa = PBXFrameworksBuildPhase;
			buildActionMask = 2147483647;
			files = (
				2A334CFEA1B5A623FCFB45A9 /* libbz2.tbd in Frameworks */,
				4901B0DC26EA9FBE000EE786 /* libpython3.a in Frameworks */,
				4901B0E026EA9FD4000EE786 /* libcrypto.a in Frameworks */,
				4901B0DF26EA9FD4000EE786 /* libssl.a in Frameworks */,
				8BED4A7E80700961BEA2E280 /* libz.tbd in Frameworks */,
				49B5A80126A9DEF500CC2B09 /* WebKit.framework in Frameworks */,
				F0434F31ADE5063B167A66A4 /* libsqlite3.tbd in Frameworks */,
				4901B0E226EA9FFD000EE786 /* libffi.a in Frameworks */,
				49F43F0D26BEF4B30062D570 /* HTMLString in Frameworks */,
			);
			runOnlyForDeploymentPostprocessing = 0;
		};
		5E9ED76A26FB9CB000E2213D /* Frameworks */ = {
			isa = PBXFrameworksBuildPhase;
			buildActionMask = 2147483647;
			files = (
				5E0F41EB26FBA00E007AF67C /* libsqlite3.tbd in Frameworks */,
				5E0F41E826FB9FF8007AF67C /* libcrypto.a in Frameworks */,
				5E0F41EE26FBA018007AF67C /* WebKit.framework in Frameworks */,
				5E0F41ED26FBA015007AF67C /* libz.tbd in Frameworks */,
				5E0F41EC26FBA012007AF67C /* libssl.a in Frameworks */,
				5E0F41E926FBA009007AF67C /* libffi.a in Frameworks */,
				5E0F41E726FB9FF4007AF67C /* libbz2.tbd in Frameworks */,
				5E0F41F026FBA2F5007AF67C /* HTMLString in Frameworks */,
				5E0F41EA26FBA00B007AF67C /* libpython3.a in Frameworks */,
			);
			runOnlyForDeploymentPostprocessing = 0;
		};
/* End PBXFrameworksBuildPhase section */

/* Begin PBXGroup section */
		19C28FACFE9D520D11CA2CBB /* Products */ = {
			isa = PBXGroup;
			children = (
				1D6058910D05DD3D006BFB54 /* itwewina-offline.app */,
				5E9ED76D26FB9CB000E2213D /* gunaha-offline.app */,
			);
			name = Products;
			sourceTree = "<group>";
		};
		29B97314FDCFA39411CA2CEA /* CustomTemplate */ = {
			isa = PBXGroup;
			children = (
				5ECBBB4A270275B400FFD2B9 /* itwewina-offline */,
				49C4D80026F0F8FE000A1EC2 /* hfst_optimized_lookup */,
				4901E61F26EAAC22000EE786 /* Classes */,
				29B97315FDCFA39411CA2CEA /* Sources */,
				29B97317FDCFA39411CA2CEA /* Resources */,
				5E9ED76E26FB9CB000E2213D /* gunaha-offline */,
				29B97323FDCFA39411CA2CEA /* Frameworks */,
				19C28FACFE9D520D11CA2CBB /* Products */,
				49B5A7F826A9D63100CC2B09 /* morphodict-offline-Bridging-Header.h */,
			);
			name = CustomTemplate;
			sourceTree = "<group>";
		};
		29B97315FDCFA39411CA2CEA /* Sources */ = {
			isa = PBXGroup;
			children = (
				49F8638A26A8A43400D35B6F /* app_python */,
				4901B0D526E92254000EE786 /* morphodict_mobile.h */,
				4901B0D626E9226B000EE786 /* morphodict_mobile.m */,
				49B5A80226A9EB3B00CC2B09 /* runPython.h */,
				29B97316FDCFA39411CA2CEA /* runPython.m */,
				5ECBBB4627026C6B00FFD2B9 /* settings.h */,
			);
			name = Sources;
			sourceTree = "<group>";
		};
		29B97317FDCFA39411CA2CEA /* Resources */ = {
			isa = PBXGroup;
			children = (
				49B5A7F626A9D2E500CC2B09 /* main.xib */,
			);
			name = Resources;
			sourceTree = "<group>";
		};
		29B97323FDCFA39411CA2CEA /* Frameworks */ = {
			isa = PBXGroup;
			children = (
				0ABE4AF3B2C5E9025CF7A0F3 /* libbz2.tbd */,
				4901E61B26EAA195000EE786 /* lib */,
				4901B0DE26EA9FD4000EE786 /* libcrypto.a */,
				4901B0E126EA9FFD000EE786 /* libffi.a */,
				4901B0DB26EA9FBE000EE786 /* libpython3.a */,
				AE3B48D6AD6BFE961C5D8CCD /* libsqlite3.tbd */,
				4901B0DD26EA9FD4000EE786 /* libssl.a */,
				ACB245FD987A9A8E52E1D8AF /* libz.tbd */,
				49B5A80026A9DEF500CC2B09 /* WebKit.framework */,
			);
			name = Frameworks;
			sourceTree = "<group>";
		};
		4901E61F26EAAC22000EE786 /* Classes */ = {
			isa = PBXGroup;
			children = (
				49B5A7FE26A9DA0800CC2B09 /* AppDelegate.swift */,
				49B5A7FC26A9D71900CC2B09 /* ViewController.swift */,
			);
			name = Classes;
			sourceTree = "<group>";
		};
		49C4D80026F0F8FE000A1EC2 /* hfst_optimized_lookup */ = {
			isa = PBXGroup;
			children = (
				49C4D80626F10C41000A1EC2 /* _hfst_optimized_lookup.h */,
				49C4D80126F0F916000A1EC2 /* _hfst_optimized_lookup.cpp */,
				49C4D80326F0F916000A1EC2 /* hfst-optimized-lookup.cc */,
				49C4D80226F0F916000A1EC2 /* hfst-optimized-lookup.h */,
			);
			name = hfst_optimized_lookup;
			sourceTree = "<group>";
		};
		5E9ED76E26FB9CB000E2213D /* gunaha-offline */ = {
			isa = PBXGroup;
			children = (
				5ECBBB4D27027B2A00FFD2B9 /* db-mobile.sqlite3 */,
				5E0F41F326FBA568007AF67C /* Launch Screen.storyboard */,
				5E9ED77826FB9CB100E2213D /* Assets.xcassets */,
				5E9ED77D26FB9CB100E2213D /* Info.plist */,
				5ECBBB4727026CE100FFD2B9 /* settings.c */,
			);
			path = "gunaha-offline";
			sourceTree = "<group>";
		};
		5ECBBB4A270275B400FFD2B9 /* itwewina-offline */ = {
			isa = PBXGroup;
			children = (
				5ECBBB4F27027BF800FFD2B9 /* db-mobile.sqlite3 */,
				49163B0826E03AC100CC79FD /* Launch Screen.storyboard */,
				8D1107310486CEB800E47090 /* itwewina-offline-Info.plist */,
				59738ABA1A8E19AA001B2C0C /* Images.xcassets */,
				5ECBBB4B2702764400FFD2B9 /* settings.c */,
			);
			path = "itwewina-offline";
			sourceTree = "<group>";
		};
/* End PBXGroup section */

/* Begin PBXNativeTarget section */
		1D6058900D05DD3D006BFB54 /* itwewina-offline */ = {
			isa = PBXNativeTarget;
			buildConfigurationList = 1D6058960D05DD3E006BFB54 /* Build configuration list for PBXNativeTarget "itwewina-offline" */;
			buildPhases = (
				49F8638826A89EE500D35B6F /* ShellScript */,
				1D60588D0D05DD3D006BFB54 /* Resources */,
				1D60588E0D05DD3D006BFB54 /* Sources */,
				1D60588F0D05DD3D006BFB54 /* Frameworks */,
			);
			buildRules = (
			);
			dependencies = (
			);
			name = "itwewina-offline";
			packageProductDependencies = (
				49F43F0C26BEF4B30062D570 /* HTMLString */,
			);
			productName = "itwewina-offline";
			productReference = 1D6058910D05DD3D006BFB54 /* itwewina-offline.app */;
			productType = "com.apple.product-type.application";
		};
		5E9ED76C26FB9CB000E2213D /* gunaha-offline */ = {
			isa = PBXNativeTarget;
			buildConfigurationList = 5E9ED78026FB9CB100E2213D /* Build configuration list for PBXNativeTarget "gunaha-offline" */;
			buildPhases = (
				5ECBBB492702718B00FFD2B9 /* ShellScript */,
				5E9ED76926FB9CB000E2213D /* Sources */,
				5E9ED76A26FB9CB000E2213D /* Frameworks */,
				5E9ED76B26FB9CB000E2213D /* Resources */,
			);
			buildRules = (
			);
			dependencies = (
			);
			name = "gunaha-offline";
			packageProductDependencies = (
				5E0F41EF26FBA2F5007AF67C /* HTMLString */,
			);
			productName = "gunaha-offline";
			productReference = 5E9ED76D26FB9CB000E2213D /* gunaha-offline.app */;
			productType = "com.apple.product-type.application";
		};
/* End PBXNativeTarget section */

/* Begin PBXProject section */
		29B97313FDCFA39411CA2CEA /* Project object */ = {
			isa = PBXProject;
			attributes = {
				LastSwiftUpdateCheck = 1250;
				LastUpgradeCheck = 0610;
				TargetAttributes = {
					1D6058900D05DD3D006BFB54 = {
						LastSwiftMigration = 1250;
					};
					5E9ED76C26FB9CB000E2213D = {
						CreatedOnToolsVersion = 12.5.1;
					};
				};
			};
			buildConfigurationList = C01FCF4E08A954540054247B /* Build configuration list for PBXProject "morphodict-offline" */;
			compatibilityVersion = "Xcode 3.2";
			developmentRegion = English;
			hasScannedForEncodings = 1;
			knownRegions = (
				English,
				Japanese,
				French,
				German,
				Base,
			);
			mainGroup = 29B97314FDCFA39411CA2CEA /* CustomTemplate */;
			packageReferences = (
				49F43F0B26BEF4B30062D570 /* XCRemoteSwiftPackageReference "HTMLString" */,
			);
			projectDirPath = "";
			projectRoot = "";
			targets = (
				1D6058900D05DD3D006BFB54 /* itwewina-offline */,
				5E9ED76C26FB9CB000E2213D /* gunaha-offline */,
			);
		};
/* End PBXProject section */

/* Begin PBXResourcesBuildPhase section */
		1D60588D0D05DD3D006BFB54 /* Resources */ = {
			isa = PBXResourcesBuildPhase;
			buildActionMask = 2147483647;
			files = (
				4901E61C26EAA195000EE786 /* lib in Resources */,
				49B5A7F726A9D2E500CC2B09 /* main.xib in Resources */,
				49F8638B26A8A43400D35B6F /* app_python in Resources */,
				59738ABB1A8E19AA001B2C0C /* Images.xcassets in Resources */,
				49163B0926E03AC100CC79FD /* Launch Screen.storyboard in Resources */,
				5ECBBB5027027BF800FFD2B9 /* db-mobile.sqlite3 in Resources */,
			);
			runOnlyForDeploymentPostprocessing = 0;
		};
		5E9ED76B26FB9CB000E2213D /* Resources */ = {
			isa = PBXResourcesBuildPhase;
			buildActionMask = 2147483647;
			files = (
				5E0F41F526FBA60C007AF67C /* app_python in Resources */,
				5E0F41E626FB9FE8007AF67C /* lib in Resources */,
				5E0F41F126FBA40A007AF67C /* main.xib in Resources */,
				5E0F41F426FBA568007AF67C /* Launch Screen.storyboard in Resources */,
				5E9ED77926FB9CB100E2213D /* Assets.xcassets in Resources */,
				5ECBBB4E27027B2A00FFD2B9 /* db-mobile.sqlite3 in Resources */,
			);
			runOnlyForDeploymentPostprocessing = 0;
		};
/* End PBXResourcesBuildPhase section */

/* Begin PBXShellScriptBuildPhase section */
		49F8638826A89EE500D35B6F /* ShellScript */ = {
			isa = PBXShellScriptBuildPhase;
			buildActionMask = 2147483647;
			files = (
			);
			inputFileListPaths = (
			);
			inputPaths = (
			);
			outputFileListPaths = (
			);
			outputPaths = (
			);
			runOnlyForDeploymentPostprocessing = 0;
			shellPath = /bin/bash;
			shellScript = "${PROJECT_DIR}/sync-python crkeng\n";
		};
		5ECBBB492702718B00FFD2B9 /* ShellScript */ = {
			isa = PBXShellScriptBuildPhase;
			buildActionMask = 2147483647;
			files = (
			);
			inputFileListPaths = (
			);
			inputPaths = (
			);
			outputFileListPaths = (
			);
			outputPaths = (
			);
			runOnlyForDeploymentPostprocessing = 0;
			shellPath = /bin/sh;
			shellScript = "${PROJECT_DIR}/sync-python srseng\n";
		};
/* End PBXShellScriptBuildPhase section */

/* Begin PBXSourcesBuildPhase section */
		1D60588E0D05DD3D006BFB54 /* Sources */ = {
			isa = PBXSourcesBuildPhase;
			buildActionMask = 2147483647;
			files = (
				5ECBBB4C2702764500FFD2B9 /* settings.c in Sources */,
				49C4D80426F0F916000A1EC2 /* _hfst_optimized_lookup.cpp in Sources */,
				49B5A7FD26A9D71900CC2B09 /* ViewController.swift in Sources */,
				49B5A7FF26A9DA0800CC2B09 /* AppDelegate.swift in Sources */,
				1D60589B0D05DD56006BFB54 /* runPython.m in Sources */,
				49C4D80526F0F916000A1EC2 /* hfst-optimized-lookup.cc in Sources */,
				4901B0D726E9226B000EE786 /* morphodict_mobile.m in Sources */,
			);
			runOnlyForDeploymentPostprocessing = 0;
		};
		5E9ED76926FB9CB000E2213D /* Sources */ = {
			isa = PBXSourcesBuildPhase;
			buildActionMask = 2147483647;
			files = (
				5ECBBB4827026CE100FFD2B9 /* settings.c in Sources */,
				5E0F41E426FB9E78007AF67C /* _hfst_optimized_lookup.cpp in Sources */,
				5E0F41E226FB9E6A007AF67C /* AppDelegate.swift in Sources */,
				5E0F41E026FB9E58007AF67C /* morphodict_mobile.m in Sources */,
				5E0F41E326FB9E6D007AF67C /* ViewController.swift in Sources */,
				5E0F41E526FB9E7B007AF67C /* hfst-optimized-lookup.cc in Sources */,
				5E0F41E126FB9E64007AF67C /* runPython.m in Sources */,
			);
			runOnlyForDeploymentPostprocessing = 0;
		};
/* End PBXSourcesBuildPhase section */

/* Begin XCBuildConfiguration section */
		1D6058940D05DD3E006BFB54 /* Debug */ = {
			isa = XCBuildConfiguration;
			buildSettings = {
				ALWAYS_SEARCH_USER_PATHS = NO;
				ASSETCATALOG_COMPILER_APPICON_NAME = AppIcon;
				CLANG_ENABLE_MODULES = YES;
				CODE_SIGN_IDENTITY = "Apple Development";
				"CODE_SIGN_IDENTITY[sdk=iphoneos*]" = "iPhone Developer";
				CODE_SIGN_STYLE = Automatic;
				COPY_PHASE_STRIP = NO;
				CURRENT_PROJECT_VERSION = 8;
				DEVELOPMENT_TEAM = 2K5J2584NX;
				EXCLUDED_ARCHS = "";
				"EXCLUDED_ARCHS[sdk=iphonesimulator*]" = arm64;
				FRAMEWORK_SEARCH_PATHS = "${PROJECT_DIR}/../kivy-ios/dist/frameworks";
				GCC_DYNAMIC_NO_PIC = NO;
				GCC_OPTIMIZATION_LEVEL = 0;
				GCC_PRECOMPILE_PREFIX_HEADER = YES;
				GCC_PREFIX_HEADER = "";
				GCC_PREPROCESSOR_DEFINITIONS = (
					"DEBUG=1",
					"BUILD_HFSTOL_MAIN=0",
				);
				GCC_VERSION = com.apple.compilers.llvm.clang.1_0;
				HEADER_SEARCH_PATHS = "${PROJECT_DIR}/../kivy-ios/dist/root/python3/include/python3.9/**";
				INFOPLIST_FILE = "itwewina-offline/itwewina-offline-Info.plist";
				IPHONEOS_DEPLOYMENT_TARGET = 12.1;
				LD_RUNPATH_SEARCH_PATHS = (
					"$(inherited)",
					"@executable_path/Frameworks",
				);
				LIBRARY_SEARCH_PATHS = (
					"$(inherited)",
					"${PROJECT_DIR}/../kivy-ios/dist/lib",
					/Applications/Xcode.app/Contents/Developer/Platforms/iPhoneSimulator.platform/Developer/SDKs/iPhoneSimulator14.5.sdk/usr/lib,
					"$(SRCROOT)/../dist/lib",
				);
				MARKETING_VERSION = 1.1.1;
				ONLY_ACTIVE_ARCH = NO;
				OTHER_LDFLAGS = "-all_load";
				PRODUCT_BUNDLE_IDENTIFIER = no.uit.giella.keyboards.sme.test;
				PRODUCT_NAME = "itwewina-offline";
				PROVISIONING_PROFILE = "";
				"PROVISIONING_PROFILE[sdk=iphoneos*]" = "";
				PROVISIONING_PROFILE_SPECIFIER = "";
				SDKROOT = iphoneos;
				STRIP_INSTALLED_PRODUCT = NO;
				SWIFT_OBJC_BRIDGING_HEADER = "morphodict-offline-Bridging-Header.h";
				SWIFT_OPTIMIZATION_LEVEL = "-Onone";
				SWIFT_VERSION = 5.0;
				TARGETED_DEVICE_FAMILY = "1,2";
				USER_HEADER_SEARCH_PATHS = "";
			};
			name = Debug;
		};
		1D6058950D05DD3E006BFB54 /* Release */ = {
			isa = XCBuildConfiguration;
			buildSettings = {
				ALWAYS_SEARCH_USER_PATHS = NO;
				ASSETCATALOG_COMPILER_APPICON_NAME = AppIcon;
				CLANG_ENABLE_MODULES = YES;
				CODE_SIGN_IDENTITY = "Apple Development";
				"CODE_SIGN_IDENTITY[sdk=iphoneos*]" = "iPhone Developer";
				CODE_SIGN_RESOURCE_RULES_PATH = "$(SDKROOT)/ResourceRules.plist";
				CODE_SIGN_STYLE = Automatic;
				COPY_PHASE_STRIP = NO;
				CURRENT_PROJECT_VERSION = 8;
				DEVELOPMENT_TEAM = 2K5J2584NX;
				EXCLUDED_ARCHS = "";
				"EXCLUDED_ARCHS[sdk=iphonesimulator*]" = arm64;
				FRAMEWORK_SEARCH_PATHS = "${PROJECT_DIR}/../kivy-ios/dist/frameworks";
				GCC_PRECOMPILE_PREFIX_HEADER = YES;
				GCC_PREFIX_HEADER = "";
				"GCC_PREPROCESSOR_DEFINITIONS[arch=*]" = "BUILD_HFSTOL_MAIN=0";
				GCC_VERSION = com.apple.compilers.llvm.clang.1_0;
				HEADER_SEARCH_PATHS = "${PROJECT_DIR}/../kivy-ios/dist/root/python3/include/python3.9/**";
				INFOPLIST_FILE = "itwewina-offline/itwewina-offline-Info.plist";
				IPHONEOS_DEPLOYMENT_TARGET = 12.1;
				LD_RUNPATH_SEARCH_PATHS = (
					"$(inherited)",
					"@executable_path/Frameworks",
				);
				LIBRARY_SEARCH_PATHS = (
					"$(inherited)",
					"${PROJECT_DIR}/../kivy-ios/dist/lib",
					/Applications/Xcode.app/Contents/Developer/Platforms/iPhoneSimulator.platform/Developer/SDKs/iPhoneSimulator14.5.sdk/usr/lib,
					"$(SRCROOT)/../dist/lib",
				);
				MARKETING_VERSION = 1.1.1;
				OTHER_LDFLAGS = "-all_load";
				PRODUCT_BUNDLE_IDENTIFIER = no.uit.giella.keyboards.sme.test;
				PRODUCT_NAME = "itwewina-offline";
				PROVISIONING_PROFILE = "";
				"PROVISIONING_PROFILE[sdk=iphoneos*]" = "";
				PROVISIONING_PROFILE_SPECIFIER = "";
				SDKROOT = iphoneos;
				SKIP_INSTALL = NO;
				STRIP_INSTALLED_PRODUCT = NO;
				SWIFT_OBJC_BRIDGING_HEADER = "morphodict-offline-Bridging-Header.h";
				SWIFT_VERSION = 5.0;
				TARGETED_DEVICE_FAMILY = "1,2";
				USER_HEADER_SEARCH_PATHS = "";
				VALIDATE_PRODUCT = YES;
			};
			name = Release;
		};
		5E9ED77E26FB9CB100E2213D /* Debug */ = {
			isa = XCBuildConfiguration;
			buildSettings = {
				ALWAYS_SEARCH_USER_PATHS = NO;
				ASSETCATALOG_COMPILER_APPICON_NAME = AppIcon;
				ASSETCATALOG_COMPILER_GLOBAL_ACCENT_COLOR_NAME = AccentColor;
				CLANG_ANALYZER_NONNULL = YES;
				CLANG_ANALYZER_NUMBER_OBJECT_CONVERSION = YES_AGGRESSIVE;
				CLANG_CXX_LANGUAGE_STANDARD = "gnu++14";
				CLANG_CXX_LIBRARY = "libc++";
				CLANG_ENABLE_MODULES = YES;
				CLANG_ENABLE_OBJC_ARC = NO;
				CLANG_ENABLE_OBJC_WEAK = YES;
				CLANG_WARN_BLOCK_CAPTURE_AUTORELEASING = YES;
				CLANG_WARN_BOOL_CONVERSION = YES;
				CLANG_WARN_COMMA = YES;
				CLANG_WARN_CONSTANT_CONVERSION = YES;
				CLANG_WARN_DEPRECATED_OBJC_IMPLEMENTATIONS = YES;
				CLANG_WARN_DIRECT_OBJC_ISA_USAGE = YES_ERROR;
				CLANG_WARN_DOCUMENTATION_COMMENTS = YES;
				CLANG_WARN_EMPTY_BODY = YES;
				CLANG_WARN_ENUM_CONVERSION = YES;
				CLANG_WARN_INFINITE_RECURSION = YES;
				CLANG_WARN_INT_CONVERSION = YES;
				CLANG_WARN_NON_LITERAL_NULL_CONVERSION = YES;
				CLANG_WARN_OBJC_IMPLICIT_RETAIN_SELF = YES;
				CLANG_WARN_OBJC_LITERAL_CONVERSION = YES;
				CLANG_WARN_OBJC_ROOT_CLASS = YES_ERROR;
				CLANG_WARN_QUOTED_INCLUDE_IN_FRAMEWORK_HEADER = YES;
				CLANG_WARN_RANGE_LOOP_ANALYSIS = YES;
				CLANG_WARN_STRICT_PROTOTYPES = YES;
				CLANG_WARN_SUSPICIOUS_MOVE = YES;
				CLANG_WARN_UNGUARDED_AVAILABILITY = YES_AGGRESSIVE;
				CLANG_WARN_UNREACHABLE_CODE = YES;
				CLANG_WARN__DUPLICATE_METHOD_MATCH = YES;
				CODE_SIGN_STYLE = Automatic;
				COPY_PHASE_STRIP = NO;
				DEBUG_INFORMATION_FORMAT = dwarf;
				DEVELOPMENT_TEAM = 2K5J2584NX;
				ENABLE_STRICT_OBJC_MSGSEND = YES;
				ENABLE_TESTABILITY = YES;
				FRAMEWORK_SEARCH_PATHS = "${PROJECT_DIR}/../kivy-ios/dist/frameworks";
				GCC_C_LANGUAGE_STANDARD = gnu11;
				GCC_DYNAMIC_NO_PIC = NO;
				GCC_NO_COMMON_BLOCKS = YES;
				GCC_OPTIMIZATION_LEVEL = 0;
				GCC_PREPROCESSOR_DEFINITIONS = (
					"DEBUG=1",
					"$(inherited)",
					"BUILD_HFSTOL_MAIN=0",
				);
				GCC_WARN_64_TO_32_BIT_CONVERSION = YES;
				GCC_WARN_ABOUT_RETURN_TYPE = YES_ERROR;
				GCC_WARN_UNDECLARED_SELECTOR = YES;
				GCC_WARN_UNINITIALIZED_AUTOS = YES_AGGRESSIVE;
				GCC_WARN_UNUSED_FUNCTION = YES;
				GCC_WARN_UNUSED_VARIABLE = YES;
				HEADER_SEARCH_PATHS = "${PROJECT_DIR}/../kivy-ios/dist/root/python3/include/python3.9/**";
				INFOPLIST_FILE = "gunaha-offline/Info.plist";
				IPHONEOS_DEPLOYMENT_TARGET = 12.1;
				LD_RUNPATH_SEARCH_PATHS = (
					"$(inherited)",
					"@executable_path/Frameworks",
				);
				LIBRARY_SEARCH_PATHS = (
					"$(inherited)",
					"${PROJECT_DIR}/../kivy-ios/dist/lib",
					/Applications/Xcode.app/Contents/Developer/Platforms/iPhoneSimulator.platform/Developer/SDKs/iPhoneSimulator14.5.sdk/usr/lib,
					"$(SRCROOT)/../dist/lib",
				);
				MTL_ENABLE_DEBUG_INFO = INCLUDE_SOURCE;
				MTL_FAST_MATH = YES;
				ONLY_ACTIVE_ARCH = YES;
				OTHER_LDFLAGS = "-all_load";
				PRODUCT_BUNDLE_IDENTIFIER = "ca.ualberta.jcpoulin.gunaha-offline";
				PRODUCT_NAME = "$(TARGET_NAME)";
				SDKROOT = iphoneos;
				STRIP_INSTALLED_PRODUCT = NO;
				SWIFT_ACTIVE_COMPILATION_CONDITIONS = DEBUG;
				SWIFT_OBJC_BRIDGING_HEADER = "morphodict-offline-Bridging-Header.h";
				SWIFT_OPTIMIZATION_LEVEL = "-Onone";
				SWIFT_VERSION = 5.0;
				TARGETED_DEVICE_FAMILY = "1,2";
			};
			name = Debug;
		};
		5E9ED77F26FB9CB100E2213D /* Release */ = {
			isa = XCBuildConfiguration;
			buildSettings = {
				ALWAYS_SEARCH_USER_PATHS = NO;
				ASSETCATALOG_COMPILER_APPICON_NAME = AppIcon;
				ASSETCATALOG_COMPILER_GLOBAL_ACCENT_COLOR_NAME = AccentColor;
				CLANG_ANALYZER_NONNULL = YES;
				CLANG_ANALYZER_NUMBER_OBJECT_CONVERSION = YES_AGGRESSIVE;
				CLANG_CXX_LANGUAGE_STANDARD = "gnu++14";
				CLANG_CXX_LIBRARY = "libc++";
				CLANG_ENABLE_MODULES = YES;
				CLANG_ENABLE_OBJC_ARC = NO;
				CLANG_ENABLE_OBJC_WEAK = YES;
				CLANG_WARN_BLOCK_CAPTURE_AUTORELEASING = YES;
				CLANG_WARN_BOOL_CONVERSION = YES;
				CLANG_WARN_COMMA = YES;
				CLANG_WARN_CONSTANT_CONVERSION = YES;
				CLANG_WARN_DEPRECATED_OBJC_IMPLEMENTATIONS = YES;
				CLANG_WARN_DIRECT_OBJC_ISA_USAGE = YES_ERROR;
				CLANG_WARN_DOCUMENTATION_COMMENTS = YES;
				CLANG_WARN_EMPTY_BODY = YES;
				CLANG_WARN_ENUM_CONVERSION = YES;
				CLANG_WARN_INFINITE_RECURSION = YES;
				CLANG_WARN_INT_CONVERSION = YES;
				CLANG_WARN_NON_LITERAL_NULL_CONVERSION = YES;
				CLANG_WARN_OBJC_IMPLICIT_RETAIN_SELF = YES;
				CLANG_WARN_OBJC_LITERAL_CONVERSION = YES;
				CLANG_WARN_OBJC_ROOT_CLASS = YES_ERROR;
				CLANG_WARN_QUOTED_INCLUDE_IN_FRAMEWORK_HEADER = YES;
				CLANG_WARN_RANGE_LOOP_ANALYSIS = YES;
				CLANG_WARN_STRICT_PROTOTYPES = YES;
				CLANG_WARN_SUSPICIOUS_MOVE = YES;
				CLANG_WARN_UNGUARDED_AVAILABILITY = YES_AGGRESSIVE;
				CLANG_WARN_UNREACHABLE_CODE = YES;
				CLANG_WARN__DUPLICATE_METHOD_MATCH = YES;
				CODE_SIGN_STYLE = Automatic;
				COPY_PHASE_STRIP = NO;
				DEBUG_INFORMATION_FORMAT = "dwarf-with-dsym";
				DEVELOPMENT_TEAM = 2K5J2584NX;
				ENABLE_NS_ASSERTIONS = NO;
				ENABLE_STRICT_OBJC_MSGSEND = YES;
				FRAMEWORK_SEARCH_PATHS = "${PROJECT_DIR}/../kivy-ios/dist/frameworks";
				GCC_C_LANGUAGE_STANDARD = gnu11;
				GCC_NO_COMMON_BLOCKS = YES;
				"GCC_PREPROCESSOR_DEFINITIONS[arch=*]" = "BUILD_HFSTOL_MAIN=0";
				GCC_WARN_64_TO_32_BIT_CONVERSION = YES;
				GCC_WARN_ABOUT_RETURN_TYPE = YES_ERROR;
				GCC_WARN_UNDECLARED_SELECTOR = YES;
				GCC_WARN_UNINITIALIZED_AUTOS = YES_AGGRESSIVE;
				GCC_WARN_UNUSED_FUNCTION = YES;
				GCC_WARN_UNUSED_VARIABLE = YES;
				HEADER_SEARCH_PATHS = "${PROJECT_DIR}/../kivy-ios/dist/root/python3/include/python3.9/**";
				INFOPLIST_FILE = "gunaha-offline/Info.plist";
				IPHONEOS_DEPLOYMENT_TARGET = 12.1;
				LD_RUNPATH_SEARCH_PATHS = (
					"$(inherited)",
					"@executable_path/Frameworks",
				);
				LIBRARY_SEARCH_PATHS = (
					"$(inherited)",
					"${PROJECT_DIR}/../kivy-ios/dist/lib",
					/Applications/Xcode.app/Contents/Developer/Platforms/iPhoneSimulator.platform/Developer/SDKs/iPhoneSimulator14.5.sdk/usr/lib,
					"$(SRCROOT)/../dist/lib",
				);
				MTL_ENABLE_DEBUG_INFO = NO;
				MTL_FAST_MATH = YES;
				OTHER_LDFLAGS = "-all_load";
				PRODUCT_BUNDLE_IDENTIFIER = "ca.ualberta.jcpoulin.gunaha-offline";
				PRODUCT_NAME = "$(TARGET_NAME)";
				SDKROOT = iphoneos;
				STRIP_INSTALLED_PRODUCT = NO;
				SWIFT_COMPILATION_MODE = wholemodule;
				SWIFT_OBJC_BRIDGING_HEADER = "morphodict-offline-Bridging-Header.h";
				SWIFT_OPTIMIZATION_LEVEL = "-O";
				SWIFT_VERSION = 5.0;
				TARGETED_DEVICE_FAMILY = "1,2";
				VALIDATE_PRODUCT = YES;
			};
			name = Release;
		};
		C01FCF4F08A954540054247B /* Debug */ = {
			isa = XCBuildConfiguration;
			buildSettings = {
				ARCHS = "$(ARCHS_STANDARD_64_BIT)";
				DEAD_CODE_STRIPPING = NO;
				ENABLE_BITCODE = NO;
				IPHONEOS_DEPLOYMENT_TARGET = 12.3;
				USER_HEADER_SEARCH_PATHS = "${PROJECT_DIR}/../kivy-ios/dist/root/include/";
			};
			name = Debug;
		};
		C01FCF5008A954540054247B /* Release */ = {
			isa = XCBuildConfiguration;
			buildSettings = {
				ARCHS = "$(ARCHS_STANDARD_64_BIT)";
				DEAD_CODE_STRIPPING = NO;
				ENABLE_BITCODE = NO;
				IPHONEOS_DEPLOYMENT_TARGET = 12.3;
				OTHER_CFLAGS = "-DNS_BLOCK_ASSERTIONS=1";
				USER_HEADER_SEARCH_PATHS = "${PROJECT_DIR}/../kivy-ios/dist/root/include/";
			};
			name = Release;
		};
/* End XCBuildConfiguration section */

/* Begin XCConfigurationList section */
		1D6058960D05DD3E006BFB54 /* Build configuration list for PBXNativeTarget "itwewina-offline" */ = {
			isa = XCConfigurationList;
			buildConfigurations = (
				1D6058940D05DD3E006BFB54 /* Debug */,
				1D6058950D05DD3E006BFB54 /* Release */,
			);
			defaultConfigurationIsVisible = 0;
			defaultConfigurationName = Release;
		};
		5E9ED78026FB9CB100E2213D /* Build configuration list for PBXNativeTarget "gunaha-offline" */ = {
			isa = XCConfigurationList;
			buildConfigurations = (
				5E9ED77E26FB9CB100E2213D /* Debug */,
				5E9ED77F26FB9CB100E2213D /* Release */,
			);
			defaultConfigurationIsVisible = 0;
			defaultConfigurationName = Release;
		};
		C01FCF4E08A954540054247B /* Build configuration list for PBXProject "morphodict-offline" */ = {
			isa = XCConfigurationList;
			buildConfigurations = (
				C01FCF4F08A954540054247B /* Debug */,
				C01FCF5008A954540054247B /* Release */,
			);
			defaultConfigurationIsVisible = 0;
			defaultConfigurationName = Release;
		};
/* End XCConfigurationList section */

/* Begin XCRemoteSwiftPackageReference section */
		49F43F0B26BEF4B30062D570 /* XCRemoteSwiftPackageReference "HTMLString" */ = {
			isa = XCRemoteSwiftPackageReference;
			repositoryURL = "https://github.com/alexisakers/HTMLString";
			requirement = {
				kind = upToNextMajorVersion;
				minimumVersion = 6.0.1;
			};
		};
/* End XCRemoteSwiftPackageReference section */

/* Begin XCSwiftPackageProductDependency section */
		49F43F0C26BEF4B30062D570 /* HTMLString */ = {
			isa = XCSwiftPackageProductDependency;
			package = 49F43F0B26BEF4B30062D570 /* XCRemoteSwiftPackageReference "HTMLString" */;
			productName = HTMLString;
		};
		5E0F41EF26FBA2F5007AF67C /* HTMLString */ = {
			isa = XCSwiftPackageProductDependency;
			package = 49F43F0B26BEF4B30062D570 /* XCRemoteSwiftPackageReference "HTMLString" */;
			productName = HTMLString;
		};
/* End XCSwiftPackageProductDependency section */
	};
	rootObject = 29B97313FDCFA39411CA2CEA /* Project object */;
}
